
Microsoft Visual Studio Solution File, Format Version 12.00
# Visual Studio 15
VisualStudioVersion = 15.0.27428.2043
MinimumVisualStudioVersion = 10.0.40219.1
Project("{FAE04EC0-301F-11D3-BF4B-00C04F79EFBC}") = "KP.Register.Business", "KP.Register.Business\KP.Register.Business.csproj", "{017A55C5-79B0-458C-8C9A-8B0CE36D8B41}"
EndProject
Project("{FAE04EC0-301F-11D3-BF4B-00C04F79EFBC}") = "KP.Register.DBModels", "KP.Register.DBModels\KP.Register.DBModels.csproj", "{C6EAF4B1-756D-493A-85D7-A7C6B82B4B38}"
EndProject
Project("{FAE04EC0-301F-11D3-BF4B-00C04F79EFBC}") = "KP.Register.ServiceModels", "KP.Register.ServiceModels\KP.Register.ServiceModels.csproj", "{4392E4DD-52F2-4EB5-BBA4-88CA1EF2E2CF}"
EndProject
Project("{FAE04EC0-301F-11D3-BF4B-00C04F79EFBC}") = "KP.Register.IServices", "KP.Register.IServices\KP.Register.IServices.csproj", "{E39FA403-EC4F-41E2-AF2D-8E2ACF4CB50D}"
EndProject
Project("{9A19103F-16F7-4668-BE54-9A1E7A4F7556}") = "KP.Register.API", "KP.Register.API\KP.Register.API.csproj", "{A6C0DFFD-51BC-4DCD-998C-DEA6665EA3E3}"
EndProject
Project("{FAE04EC0-301F-11D3-BF4B-00C04F79EFBC}") = "KP.Customer.Business", "..\..\KP.Customer\KP.Customer\KP.Customer.Business\KP.Customer.Business.csproj", "{61977D83-8828-494E-B20E-125215A4C3D8}"
EndProject
Project("{FAE04EC0-301F-11D3-BF4B-00C04F79EFBC}") = "KP.Customer.DBModels", "..\..\KP.Customer\KP.Customer\KP.Customer.DBModels\KP.Customer.DBModels.csproj", "{F9DB802F-E5C1-43F3-BFAC-E8A2CA36D6B2}"
EndProject
Project("{FAE04EC0-301F-11D3-BF4B-00C04F79EFBC}") = "KP.Customer.ServiceModels", "..\..\KP.Customer\KP.Customer\KP.Customer.ServiceModels\KP.Customer.ServiceModels.csproj", "{FB732AED-88E4-4F49-91CD-B7F3E0F88BBE}"
EndProject
Project("{FAE04EC0-301F-11D3-BF4B-00C04F79EFBC}") = "KP.Register.Web.API", "KP.Register.Web.API\KP.Register.Web.API.csproj", "{D14A7D59-719E-4AA5-BBFF-9357E4847A3B}"
EndProject
Project("{FAE04EC0-301F-11D3-BF4B-00C04F79EFBC}") = "KP.Customer.Report", "..\..\KP.Customer\KP.Customer\KP.Customer.Report\KP.Customer.Report.csproj", "{0FAAED47-DA57-4161-8C09-B21332084903}"
EndProject
Project("{F184B08F-C81C-45F6-A57F-5ABD9991F28F}") = "PackingData", "..\..\..\PackingData\PackingData\PackingData.vbproj", "{524A0D47-93D2-4933-87DF-0871E056A68D}"
EndProject
Project("{FAE04EC0-301F-11D3-BF4B-00C04F79EFBC}") = "KP.Common", "..\..\..\Users\ratta\Documents\GitHub\kp.common\KP.Common.csproj", "{29355055-DF53-48C2-BA4F-2E717693AD64}"
EndProject
Project("{FAE04EC0-301F-11D3-BF4B-00C04F79EFBC}") = "KP.eService.Business", "..\..\..\projectgit\KPeServiceProject\KP.eService.Business\KP.eService.Business.csproj", "{40931C1E-756B-49FE-A352-810B51119E09}"
EndProject
Project("{FAE04EC0-301F-11D3-BF4B-00C04F79EFBC}") = "KP.eService.DBModels", "..\..\..\projectgit\KPeServiceProject\KP.eService.DBModels\KP.eService.DBModels.csproj", "{02F87CFB-3C53-406D-8BE3-01D5DFA7F4FB}"
EndProject
Project("{FAE04EC0-301F-11D3-BF4B-00C04F79EFBC}") = "KP.eService.ServiceModels", "..\..\..\projectgit\KPeServiceProject\KP.eService.ServiceModels\KP.eService.ServiceModels.csproj", "{4A406788-CE46-4EFE-B816-60CF5010BC94}"
EndProject
Project("{FAE04EC0-301F-11D3-BF4B-00C04F79EFBC}") = "KP.Caller.ServiceModels", "..\..\..\Users\ratta\Documents\GitHub\KP.Caller\KP.Caller\KP.Caller.ServiceModels\KP.Caller.ServiceModels.csproj", "{2FC33D9E-40B9-4011-AF35-C0083A6ABB0F}"
EndProject
Global
	GlobalSection(SolutionConfigurationPlatforms) = preSolution
		Debug|Any CPU = Debug|Any CPU
		Debug|x64 = Debug|x64
		Debug|x86 = Debug|x86
		Release|Any CPU = Release|Any CPU
		Release|x64 = Release|x64
		Release|x86 = Release|x86
	EndGlobalSection
	GlobalSection(ProjectConfigurationPlatforms) = postSolution
		{017A55C5-79B0-458C-8C9A-8B0CE36D8B41}.Debug|Any CPU.ActiveCfg = Debug|Any CPU
		{017A55C5-79B0-458C-8C9A-8B0CE36D8B41}.Debug|Any CPU.Build.0 = Debug|Any CPU
		{017A55C5-79B0-458C-8C9A-8B0CE36D8B41}.Debug|x64.ActiveCfg = Debug|Any CPU
		{017A55C5-79B0-458C-8C9A-8B0CE36D8B41}.Debug|x64.Build.0 = Debug|Any CPU
		{017A55C5-79B0-458C-8C9A-8B0CE36D8B41}.Debug|x86.ActiveCfg = Debug|Any CPU
		{017A55C5-79B0-458C-8C9A-8B0CE36D8B41}.Debug|x86.Build.0 = Debug|Any CPU
		{017A55C5-79B0-458C-8C9A-8B0CE36D8B41}.Release|Any CPU.ActiveCfg = Release|Any CPU
		{017A55C5-79B0-458C-8C9A-8B0CE36D8B41}.Release|Any CPU.Build.0 = Release|Any CPU
		{017A55C5-79B0-458C-8C9A-8B0CE36D8B41}.Release|x64.ActiveCfg = Release|Any CPU
		{017A55C5-79B0-458C-8C9A-8B0CE36D8B41}.Release|x64.Build.0 = Release|Any CPU
		{017A55C5-79B0-458C-8C9A-8B0CE36D8B41}.Release|x86.ActiveCfg = Release|Any CPU
		{017A55C5-79B0-458C-8C9A-8B0CE36D8B41}.Release|x86.Build.0 = Release|Any CPU
		{C6EAF4B1-756D-493A-85D7-A7C6B82B4B38}.Debug|Any CPU.ActiveCfg = Debug|Any CPU
		{C6EAF4B1-756D-493A-85D7-A7C6B82B4B38}.Debug|Any CPU.Build.0 = Debug|Any CPU
		{C6EAF4B1-756D-493A-85D7-A7C6B82B4B38}.Debug|x64.ActiveCfg = Debug|Any CPU
		{C6EAF4B1-756D-493A-85D7-A7C6B82B4B38}.Debug|x64.Build.0 = Debug|Any CPU
		{C6EAF4B1-756D-493A-85D7-A7C6B82B4B38}.Debug|x86.ActiveCfg = Debug|Any CPU
		{C6EAF4B1-756D-493A-85D7-A7C6B82B4B38}.Debug|x86.Build.0 = Debug|Any CPU
		{C6EAF4B1-756D-493A-85D7-A7C6B82B4B38}.Release|Any CPU.ActiveCfg = Release|Any CPU
		{C6EAF4B1-756D-493A-85D7-A7C6B82B4B38}.Release|Any CPU.Build.0 = Release|Any CPU
		{C6EAF4B1-756D-493A-85D7-A7C6B82B4B38}.Release|x64.ActiveCfg = Release|Any CPU
		{C6EAF4B1-756D-493A-85D7-A7C6B82B4B38}.Release|x64.Build.0 = Release|Any CPU
		{C6EAF4B1-756D-493A-85D7-A7C6B82B4B38}.Release|x86.ActiveCfg = Release|Any CPU
		{C6EAF4B1-756D-493A-85D7-A7C6B82B4B38}.Release|x86.Build.0 = Release|Any CPU
		{4392E4DD-52F2-4EB5-BBA4-88CA1EF2E2CF}.Debug|Any CPU.ActiveCfg = Debug|Any CPU
		{4392E4DD-52F2-4EB5-BBA4-88CA1EF2E2CF}.Debug|Any CPU.Build.0 = Debug|Any CPU
		{4392E4DD-52F2-4EB5-BBA4-88CA1EF2E2CF}.Debug|x64.ActiveCfg = Debug|Any CPU
		{4392E4DD-52F2-4EB5-BBA4-88CA1EF2E2CF}.Debug|x64.Build.0 = Debug|Any CPU
		{4392E4DD-52F2-4EB5-BBA4-88CA1EF2E2CF}.Debug|x86.ActiveCfg = Debug|Any CPU
		{4392E4DD-52F2-4EB5-BBA4-88CA1EF2E2CF}.Debug|x86.Build.0 = Debug|Any CPU
		{4392E4DD-52F2-4EB5-BBA4-88CA1EF2E2CF}.Release|Any CPU.ActiveCfg = Release|Any CPU
		{4392E4DD-52F2-4EB5-BBA4-88CA1EF2E2CF}.Release|Any CPU.Build.0 = Release|Any CPU
		{4392E4DD-52F2-4EB5-BBA4-88CA1EF2E2CF}.Release|x64.ActiveCfg = Release|Any CPU
		{4392E4DD-52F2-4EB5-BBA4-88CA1EF2E2CF}.Release|x64.Build.0 = Release|Any CPU
		{4392E4DD-52F2-4EB5-BBA4-88CA1EF2E2CF}.Release|x86.ActiveCfg = Release|Any CPU
		{4392E4DD-52F2-4EB5-BBA4-88CA1EF2E2CF}.Release|x86.Build.0 = Release|Any CPU
		{E39FA403-EC4F-41E2-AF2D-8E2ACF4CB50D}.Debug|Any CPU.ActiveCfg = Debug|Any CPU
		{E39FA403-EC4F-41E2-AF2D-8E2ACF4CB50D}.Debug|Any CPU.Build.0 = Debug|Any CPU
		{E39FA403-EC4F-41E2-AF2D-8E2ACF4CB50D}.Debug|x64.ActiveCfg = Debug|Any CPU
		{E39FA403-EC4F-41E2-AF2D-8E2ACF4CB50D}.Debug|x64.Build.0 = Debug|Any CPU
		{E39FA403-EC4F-41E2-AF2D-8E2ACF4CB50D}.Debug|x86.ActiveCfg = Debug|Any CPU
		{E39FA403-EC4F-41E2-AF2D-8E2ACF4CB50D}.Debug|x86.Build.0 = Debug|Any CPU
		{E39FA403-EC4F-41E2-AF2D-8E2ACF4CB50D}.Release|Any CPU.ActiveCfg = Release|Any CPU
		{E39FA403-EC4F-41E2-AF2D-8E2ACF4CB50D}.Release|Any CPU.Build.0 = Release|Any CPU
		{E39FA403-EC4F-41E2-AF2D-8E2ACF4CB50D}.Release|x64.ActiveCfg = Release|Any CPU
		{E39FA403-EC4F-41E2-AF2D-8E2ACF4CB50D}.Release|x64.Build.0 = Release|Any CPU
		{E39FA403-EC4F-41E2-AF2D-8E2ACF4CB50D}.Release|x86.ActiveCfg = Release|Any CPU
		{E39FA403-EC4F-41E2-AF2D-8E2ACF4CB50D}.Release|x86.Build.0 = Release|Any CPU
		{A6C0DFFD-51BC-4DCD-998C-DEA6665EA3E3}.Debug|Any CPU.ActiveCfg = Debug|Any CPU
		{A6C0DFFD-51BC-4DCD-998C-DEA6665EA3E3}.Debug|Any CPU.Build.0 = Debug|Any CPU
		{A6C0DFFD-51BC-4DCD-998C-DEA6665EA3E3}.Debug|x64.ActiveCfg = Debug|Any CPU
		{A6C0DFFD-51BC-4DCD-998C-DEA6665EA3E3}.Debug|x64.Build.0 = Debug|Any CPU
		{A6C0DFFD-51BC-4DCD-998C-DEA6665EA3E3}.Debug|x86.ActiveCfg = Debug|Any CPU
		{A6C0DFFD-51BC-4DCD-998C-DEA6665EA3E3}.Debug|x86.Build.0 = Debug|Any CPU
		{A6C0DFFD-51BC-4DCD-998C-DEA6665EA3E3}.Release|Any CPU.ActiveCfg = Release|Any CPU
		{A6C0DFFD-51BC-4DCD-998C-DEA6665EA3E3}.Release|Any CPU.Build.0 = Release|Any CPU
		{A6C0DFFD-51BC-4DCD-998C-DEA6665EA3E3}.Release|x64.ActiveCfg = Release|Any CPU
		{A6C0DFFD-51BC-4DCD-998C-DEA6665EA3E3}.Release|x64.Build.0 = Release|Any CPU
		{A6C0DFFD-51BC-4DCD-998C-DEA6665EA3E3}.Release|x86.ActiveCfg = Release|Any CPU
		{A6C0DFFD-51BC-4DCD-998C-DEA6665EA3E3}.Release|x86.Build.0 = Release|Any CPU
		{61977D83-8828-494E-B20E-125215A4C3D8}.Debug|Any CPU.ActiveCfg = Debug|Any CPU
		{61977D83-8828-494E-B20E-125215A4C3D8}.Debug|Any CPU.Build.0 = Debug|Any CPU
		{61977D83-8828-494E-B20E-125215A4C3D8}.Debug|x64.ActiveCfg = Debug|x64
		{61977D83-8828-494E-B20E-125215A4C3D8}.Debug|x64.Build.0 = Debug|x64
		{61977D83-8828-494E-B20E-125215A4C3D8}.Debug|x86.ActiveCfg = Debug|x86
		{61977D83-8828-494E-B20E-125215A4C3D8}.Debug|x86.Build.0 = Debug|x86
		{61977D83-8828-494E-B20E-125215A4C3D8}.Release|Any CPU.ActiveCfg = Release|Any CPU
		{61977D83-8828-494E-B20E-125215A4C3D8}.Release|Any CPU.Build.0 = Release|Any CPU
		{61977D83-8828-494E-B20E-125215A4C3D8}.Release|x64.ActiveCfg = Release|x64
		{61977D83-8828-494E-B20E-125215A4C3D8}.Release|x64.Build.0 = Release|x64
		{61977D83-8828-494E-B20E-125215A4C3D8}.Release|x86.ActiveCfg = Release|x86
		{61977D83-8828-494E-B20E-125215A4C3D8}.Release|x86.Build.0 = Release|x86
		{F9DB802F-E5C1-43F3-BFAC-E8A2CA36D6B2}.Debug|Any CPU.ActiveCfg = Debug|Any CPU
		{F9DB802F-E5C1-43F3-BFAC-E8A2CA36D6B2}.Debug|Any CPU.Build.0 = Debug|Any CPU
		{F9DB802F-E5C1-43F3-BFAC-E8A2CA36D6B2}.Debug|x64.ActiveCfg = Debug|x64
		{F9DB802F-E5C1-43F3-BFAC-E8A2CA36D6B2}.Debug|x64.Build.0 = Debug|x64
		{F9DB802F-E5C1-43F3-BFAC-E8A2CA36D6B2}.Debug|x86.ActiveCfg = Debug|x86
		{F9DB802F-E5C1-43F3-BFAC-E8A2CA36D6B2}.Debug|x86.Build.0 = Debug|x86
		{F9DB802F-E5C1-43F3-BFAC-E8A2CA36D6B2}.Release|Any CPU.ActiveCfg = Release|Any CPU
		{F9DB802F-E5C1-43F3-BFAC-E8A2CA36D6B2}.Release|Any CPU.Build.0 = Release|Any CPU
		{F9DB802F-E5C1-43F3-BFAC-E8A2CA36D6B2}.Release|x64.ActiveCfg = Release|x64
		{F9DB802F-E5C1-43F3-BFAC-E8A2CA36D6B2}.Release|x64.Build.0 = Release|x64
		{F9DB802F-E5C1-43F3-BFAC-E8A2CA36D6B2}.Release|x86.ActiveCfg = Release|x86
		{F9DB802F-E5C1-43F3-BFAC-E8A2CA36D6B2}.Release|x86.Build.0 = Release|x86
		{FB732AED-88E4-4F49-91CD-B7F3E0F88BBE}.Debug|Any CPU.ActiveCfg = Debug|Any CPU
		{FB732AED-88E4-4F49-91CD-B7F3E0F88BBE}.Debug|Any CPU.Build.0 = Debug|Any CPU
		{FB732AED-88E4-4F49-91CD-B7F3E0F88BBE}.Debug|x64.ActiveCfg = Debug|x64
		{FB732AED-88E4-4F49-91CD-B7F3E0F88BBE}.Debug|x64.Build.0 = Debug|x64
		{FB732AED-88E4-4F49-91CD-B7F3E0F88BBE}.Debug|x86.ActiveCfg = Debug|x86
		{FB732AED-88E4-4F49-91CD-B7F3E0F88BBE}.Debug|x86.Build.0 = Debug|x86
		{FB732AED-88E4-4F49-91CD-B7F3E0F88BBE}.Release|Any CPU.ActiveCfg = Release|Any CPU
		{FB732AED-88E4-4F49-91CD-B7F3E0F88BBE}.Release|Any CPU.Build.0 = Release|Any CPU
		{FB732AED-88E4-4F49-91CD-B7F3E0F88BBE}.Release|x64.ActiveCfg = Release|x64
		{FB732AED-88E4-4F49-91CD-B7F3E0F88BBE}.Release|x64.Build.0 = Release|x64
		{FB732AED-88E4-4F49-91CD-B7F3E0F88BBE}.Release|x86.ActiveCfg = Release|x86
		{FB732AED-88E4-4F49-91CD-B7F3E0F88BBE}.Release|x86.Build.0 = Release|x86
		{D14A7D59-719E-4AA5-BBFF-9357E4847A3B}.Debug|Any CPU.ActiveCfg = Debug|Any CPU
		{D14A7D59-719E-4AA5-BBFF-9357E4847A3B}.Debug|Any CPU.Build.0 = Debug|Any CPU
		{D14A7D59-719E-4AA5-BBFF-9357E4847A3B}.Debug|x64.ActiveCfg = Debug|Any CPU
		{D14A7D59-719E-4AA5-BBFF-9357E4847A3B}.Debug|x64.Build.0 = Debug|Any CPU
		{D14A7D59-719E-4AA5-BBFF-9357E4847A3B}.Debug|x86.ActiveCfg = Debug|Any CPU
		{D14A7D59-719E-4AA5-BBFF-9357E4847A3B}.Debug|x86.Build.0 = Debug|Any CPU
		{D14A7D59-719E-4AA5-BBFF-9357E4847A3B}.Release|Any CPU.ActiveCfg = Release|Any CPU
		{D14A7D59-719E-4AA5-BBFF-9357E4847A3B}.Release|Any CPU.Build.0 = Release|Any CPU
		{D14A7D59-719E-4AA5-BBFF-9357E4847A3B}.Release|x64.ActiveCfg = Release|Any CPU
		{D14A7D59-719E-4AA5-BBFF-9357E4847A3B}.Release|x64.Build.0 = Release|Any CPU
		{D14A7D59-719E-4AA5-BBFF-9357E4847A3B}.Release|x86.ActiveCfg = Release|Any CPU
		{D14A7D59-719E-4AA5-BBFF-9357E4847A3B}.Release|x86.Build.0 = Release|Any CPU
		{0FAAED47-DA57-4161-8C09-B21332084903}.Debug|Any CPU.ActiveCfg = Debug|Any CPU
		{0FAAED47-DA57-4161-8C09-B21332084903}.Debug|Any CPU.Build.0 = Debug|Any CPU
		{0FAAED47-DA57-4161-8C09-B21332084903}.Debug|x64.ActiveCfg = Debug|Any CPU
		{0FAAED47-DA57-4161-8C09-B21332084903}.Debug|x64.Build.0 = Debug|Any CPU
		{0FAAED47-DA57-4161-8C09-B21332084903}.Debug|x86.ActiveCfg = Debug|Any CPU
		{0FAAED47-DA57-4161-8C09-B21332084903}.Debug|x86.Build.0 = Debug|Any CPU
		{0FAAED47-DA57-4161-8C09-B21332084903}.Release|Any CPU.ActiveCfg = Release|Any CPU
		{0FAAED47-DA57-4161-8C09-B21332084903}.Release|Any CPU.Build.0 = Release|Any CPU
		{0FAAED47-DA57-4161-8C09-B21332084903}.Release|x64.ActiveCfg = Release|Any CPU
		{0FAAED47-DA57-4161-8C09-B21332084903}.Release|x64.Build.0 = Release|Any CPU
		{0FAAED47-DA57-4161-8C09-B21332084903}.Release|x86.ActiveCfg = Release|Any CPU
		{0FAAED47-DA57-4161-8C09-B21332084903}.Release|x86.Build.0 = Release|Any CPU
		{524A0D47-93D2-4933-87DF-0871E056A68D}.Debug|Any CPU.ActiveCfg = Debug|Any CPU
		{524A0D47-93D2-4933-87DF-0871E056A68D}.Debug|Any CPU.Build.0 = Debug|Any CPU
		{524A0D47-93D2-4933-87DF-0871E056A68D}.Debug|x64.ActiveCfg = Debug|Any CPU
		{524A0D47-93D2-4933-87DF-0871E056A68D}.Debug|x64.Build.0 = Debug|Any CPU
		{524A0D47-93D2-4933-87DF-0871E056A68D}.Debug|x86.ActiveCfg = Debug|x86
		{524A0D47-93D2-4933-87DF-0871E056A68D}.Debug|x86.Build.0 = Debug|x86
		{524A0D47-93D2-4933-87DF-0871E056A68D}.Release|Any CPU.ActiveCfg = Release|Any CPU
		{524A0D47-93D2-4933-87DF-0871E056A68D}.Release|Any CPU.Build.0 = Release|Any CPU
		{524A0D47-93D2-4933-87DF-0871E056A68D}.Release|x64.ActiveCfg = Release|Any CPU
		{524A0D47-93D2-4933-87DF-0871E056A68D}.Release|x64.Build.0 = Release|Any CPU
		{524A0D47-93D2-4933-87DF-0871E056A68D}.Release|x86.ActiveCfg = Release|x86
		{524A0D47-93D2-4933-87DF-0871E056A68D}.Release|x86.Build.0 = Release|x86
		{29355055-DF53-48C2-BA4F-2E717693AD64}.Debug|Any CPU.ActiveCfg = Debug|Any CPU
		{29355055-DF53-48C2-BA4F-2E717693AD64}.Debug|Any CPU.Build.0 = Debug|Any CPU
		{29355055-DF53-48C2-BA4F-2E717693AD64}.Debug|x64.ActiveCfg = Debug|x64
		{29355055-DF53-48C2-BA4F-2E717693AD64}.Debug|x64.Build.0 = Debug|x64
		{29355055-DF53-48C2-BA4F-2E717693AD64}.Debug|x86.ActiveCfg = Debug|x86
		{29355055-DF53-48C2-BA4F-2E717693AD64}.Debug|x86.Build.0 = Debug|x86
		{29355055-DF53-48C2-BA4F-2E717693AD64}.Release|Any CPU.ActiveCfg = Release|Any CPU
		{29355055-DF53-48C2-BA4F-2E717693AD64}.Release|Any CPU.Build.0 = Release|Any CPU
		{29355055-DF53-48C2-BA4F-2E717693AD64}.Release|x64.ActiveCfg = Release|x64
		{29355055-DF53-48C2-BA4F-2E717693AD64}.Release|x64.Build.0 = Release|x64
		{29355055-DF53-48C2-BA4F-2E717693AD64}.Release|x86.ActiveCfg = Release|x86
		{29355055-DF53-48C2-BA4F-2E717693AD64}.Release|x86.Build.0 = Release|x86
		{40931C1E-756B-49FE-A352-810B51119E09}.Debug|Any CPU.ActiveCfg = Debug|Any CPU
		{40931C1E-756B-49FE-A352-810B51119E09}.Debug|Any CPU.Build.0 = Debug|Any CPU
		{40931C1E-756B-49FE-A352-810B51119E09}.Debug|x64.ActiveCfg = Debug|Any CPU
		{40931C1E-756B-49FE-A352-810B51119E09}.Debug|x64.Build.0 = Debug|Any CPU
		{40931C1E-756B-49FE-A352-810B51119E09}.Debug|x86.ActiveCfg = Debug|Any CPU
		{40931C1E-756B-49FE-A352-810B51119E09}.Debug|x86.Build.0 = Debug|Any CPU
		{40931C1E-756B-49FE-A352-810B51119E09}.Release|Any CPU.ActiveCfg = Release|Any CPU
		{40931C1E-756B-49FE-A352-810B51119E09}.Release|Any CPU.Build.0 = Release|Any CPU
		{40931C1E-756B-49FE-A352-810B51119E09}.Release|x64.ActiveCfg = Release|Any CPU
		{40931C1E-756B-49FE-A352-810B51119E09}.Release|x64.Build.0 = Release|Any CPU
		{40931C1E-756B-49FE-A352-810B51119E09}.Release|x86.ActiveCfg = Release|Any CPU
		{40931C1E-756B-49FE-A352-810B51119E09}.Release|x86.Build.0 = Release|Any CPU
		{02F87CFB-3C53-406D-8BE3-01D5DFA7F4FB}.Debug|Any CPU.ActiveCfg = Debug|Any CPU
		{02F87CFB-3C53-406D-8BE3-01D5DFA7F4FB}.Debug|Any CPU.Build.0 = Debug|Any CPU
		{02F87CFB-3C53-406D-8BE3-01D5DFA7F4FB}.Debug|x64.ActiveCfg = Debug|Any CPU
		{02F87CFB-3C53-406D-8BE3-01D5DFA7F4FB}.Debug|x64.Build.0 = Debug|Any CPU
		{02F87CFB-3C53-406D-8BE3-01D5DFA7F4FB}.Debug|x86.ActiveCfg = Debug|Any CPU
		{02F87CFB-3C53-406D-8BE3-01D5DFA7F4FB}.Debug|x86.Build.0 = Debug|Any CPU
		{02F87CFB-3C53-406D-8BE3-01D5DFA7F4FB}.Release|Any CPU.ActiveCfg = Release|Any CPU
		{02F87CFB-3C53-406D-8BE3-01D5DFA7F4FB}.Release|Any CPU.Build.0 = Release|Any CPU
		{02F87CFB-3C53-406D-8BE3-01D5DFA7F4FB}.Release|x64.ActiveCfg = Release|Any CPU
		{02F87CFB-3C53-406D-8BE3-01D5DFA7F4FB}.Release|x64.Build.0 = Release|Any CPU
		{02F87CFB-3C53-406D-8BE3-01D5DFA7F4FB}.Release|x86.ActiveCfg = Release|Any CPU
		{02F87CFB-3C53-406D-8BE3-01D5DFA7F4FB}.Release|x86.Build.0 = Release|Any CPU
		{4A406788-CE46-4EFE-B816-60CF5010BC94}.Debug|Any CPU.ActiveCfg = Debug|Any CPU
		{4A406788-CE46-4EFE-B816-60CF5010BC94}.Debug|Any CPU.Build.0 = Debug|Any CPU
		{4A406788-CE46-4EFE-B816-60CF5010BC94}.Debug|x64.ActiveCfg = Debug|Any CPU
		{4A406788-CE46-4EFE-B816-60CF5010BC94}.Debug|x64.Build.0 = Debug|Any CPU
		{4A406788-CE46-4EFE-B816-60CF5010BC94}.Debug|x86.ActiveCfg = Debug|Any CPU
		{4A406788-CE46-4EFE-B816-60CF5010BC94}.Debug|x86.Build.0 = Debug|Any CPU
		{4A406788-CE46-4EFE-B816-60CF5010BC94}.Release|Any CPU.ActiveCfg = Release|Any CPU
		{4A406788-CE46-4EFE-B816-60CF5010BC94}.Release|Any CPU.Build.0 = Release|Any CPU
		{4A406788-CE46-4EFE-B816-60CF5010BC94}.Release|x64.ActiveCfg = Release|Any CPU
		{4A406788-CE46-4EFE-B816-60CF5010BC94}.Release|x64.Build.0 = Release|Any CPU
		{4A406788-CE46-4EFE-B816-60CF5010BC94}.Release|x86.ActiveCfg = Release|Any CPU
		{4A406788-CE46-4EFE-B816-60CF5010BC94}.Release|x86.Build.0 = Release|Any CPU
		{2FC33D9E-40B9-4011-AF35-C0083A6ABB0F}.Debug|Any CPU.ActiveCfg = Debug|Any CPU
		{2FC33D9E-40B9-4011-AF35-C0083A6ABB0F}.Debug|Any CPU.Build.0 = Debug|Any CPU
		{2FC33D9E-40B9-4011-AF35-C0083A6ABB0F}.Debug|x64.ActiveCfg = Debug|Any CPU
		{2FC33D9E-40B9-4011-AF35-C0083A6ABB0F}.Debug|x64.Build.0 = Debug|Any CPU
		{2FC33D9E-40B9-4011-AF35-C0083A6ABB0F}.Debug|x86.ActiveCfg = Debug|Any CPU
		{2FC33D9E-40B9-4011-AF35-C0083A6ABB0F}.Debug|x86.Build.0 = Debug|Any CPU
		{2FC33D9E-40B9-4011-AF35-C0083A6ABB0F}.Release|Any CPU.ActiveCfg = Release|Any CPU
		{2FC33D9E-40B9-4011-AF35-C0083A6ABB0F}.Release|Any CPU.Build.0 = Release|Any CPU
		{2FC33D9E-40B9-4011-AF35-C0083A6ABB0F}.Release|x64.ActiveCfg = Release|Any CPU
		{2FC33D9E-40B9-4011-AF35-C0083A6ABB0F}.Release|x64.Build.0 = Release|Any CPU
		{2FC33D9E-40B9-4011-AF35-C0083A6ABB0F}.Release|x86.ActiveCfg = Release|Any CPU
		{2FC33D9E-40B9-4011-AF35-C0083A6ABB0F}.Release|x86.Build.0 = Release|Any CPU
	EndGlobalSection
	GlobalSection(SolutionProperties) = preSolution
		HideSolutionNode = FALSE
	EndGlobalSection
	GlobalSection(ExtensibilityGlobals) = postSolution
		SolutionGuid = {8F5413A5-C67C-4D23-B5A9-7728371BDCF6}
	EndGlobalSection
	GlobalSection(TeamFoundationVersionControl) = preSolution
		SccNumberOfProjects = 16
		SccEnterpriseProvider = {4CA58AB2-18FA-4F8D-95D4-32DDF27D184C}
		SccTeamFoundationServer = http://web-dev:8080/tfs/defaultcollection
		SccLocalPath0 = .
		SccProjectUniqueName1 = KP.Register.Business\\KP.Register.Business.csproj
		SccProjectName1 = KP.Register.Business
		SccLocalPath1 = KP.Register.Business
		SccProjectUniqueName2 = KP.Register.DBModels\\KP.Register.DBModels.csproj
		SccProjectName2 = KP.Register.DBModels
		SccLocalPath2 = KP.Register.DBModels
		SccProjectUniqueName3 = KP.Register.ServiceModels\\KP.Register.ServiceModels.csproj
		SccProjectName3 = KP.Register.ServiceModels
		SccLocalPath3 = KP.Register.ServiceModels
		SccProjectUniqueName4 = KP.Register.IServices\\KP.Register.IServices.csproj
		SccProjectName4 = KP.Register.IServices
		SccLocalPath4 = KP.Register.IServices
		SccProjectUniqueName5 = KP.Register.API\\KP.Register.API.csproj
		SccProjectName5 = KP.Register.API
		SccLocalPath5 = KP.Register.API
		SccProjectUniqueName6 = ..\\..\\KP.Common\\KP.Common\\KP.Common.csproj
		SccProjectName6 = ../../KP.Common/KP.Common/KP.Common
		SccLocalPath6 = ..\\..\\KP.Common\\KP.Common
		SccProjectUniqueName7 = ..\\..\\KP.Customer\\KP.Customer\\KP.Customer.Business\\KP.Customer.Business.csproj
		SccProjectName7 = ../../KP.Customer/KP.Customer/KP.Customer.Business
		SccLocalPath7 = ..\\..\\KP.Customer\\KP.Customer\\KP.Customer.Business
		SccProjectUniqueName8 = ..\\..\\KP.Customer\\KP.Customer\\KP.Customer.DBModels\\KP.Customer.DBModels.csproj
		SccProjectName8 = ../../KP.Customer/KP.Customer/KP.Customer.DBModels
		SccLocalPath8 = ..\\..\\KP.Customer\\KP.Customer\\KP.Customer.DBModels
		SccProjectUniqueName9 = ..\\..\\KP.Customer\\KP.Customer\\KP.Customer.ServiceModels\\KP.Customer.ServiceModels.csproj
		SccProjectName9 = ../../KP.Customer/KP.Customer/KP.Customer.ServiceModels
		SccLocalPath9 = ..\\..\\KP.Customer\\KP.Customer\\KP.Customer.ServiceModels
		SccProjectUniqueName10 = ..\\..\\KP.eService\\KP.eService\\KP.eService.Business\\KP.eService.Business.csproj
		SccProjectName10 = ../../KP.eService/KP.eService/KP.eService.Business
		SccLocalPath10 = ..\\..\\KP.eService\\KP.eService\\KP.eService.Business
		SccProjectUniqueName11 = ..\\..\\KP.eService\\KP.eService\\KP.eService.DBModels\\KP.eService.DBModels.csproj
		SccProjectName11 = ../../KP.eService/KP.eService/KP.eService.DBModels
		SccLocalPath11 = ..\\..\\KP.eService\\KP.eService\\KP.eService.DBModels
		SccProjectUniqueName12 = ..\\..\\KP.eService\\KP.eService\\KP.eService.ServiceModels\\KP.eService.ServiceModels.csproj
		SccProjectName12 = ../../KP.eService/KP.eService/KP.eService.ServiceModels
		SccLocalPath12 = ..\\..\\KP.eService\\KP.eService\\KP.eService.ServiceModels
		SccProjectUniqueName13 = KP.Register.Web.API\\KP.Register.Web.API.csproj
		SccProjectName13 = KP.Register.Web.API
		SccLocalPath13 = KP.Register.Web.API
		SccProjectUniqueName14 = ..\\..\\KP.Customer\\KP.Customer\\KP.Customer.Report\\KP.Customer.Report.csproj
		SccProjectName14 = ../../KP.Customer/KP.Customer/KP.Customer.Report
		SccLocalPath14 = ..\\..\\KP.Customer\\KP.Customer\\KP.Customer.Report
		SccProjectUniqueName15 = ..\\..\\..\\PackingData\\PackingData\\PackingData.vbproj
		SccProjectName15 = ../../PackingData/PackingData/PackingData
		SccLocalPath15 = ..\\..\\..\\PackingData\\PackingData
	EndGlobalSection
EndGlobal
